// !$*UTF8*$!
{
	archiveVersion = 1;
	classes = {
	};
	objectVersion = 46;
	objects = {

/* Begin PBXBuildFile section */
		21850D17532F4A9CAB649B68 /* libPods-Tests.a in Frameworks */ = {isa = PBXBuildFile; fileRef = ED7D61ED784D495FA5F58B96 /* libPods-Tests.a */; };
		242B4DC6E65D4E9192E84FE6 /* libPods.a in Frameworks */ = {isa = PBXBuildFile; fileRef = CE7EAF1955E6410AB3F0C0D1 /* libPods.a */; };
		5005DC6818C14089002996DB /* XCTest.framework in Frameworks */ = {isa = PBXBuildFile; fileRef = 501C53AC18BADF2300FF07AA /* XCTest.framework */; };
		5005DC6918C14089002996DB /* Foundation.framework in Frameworks */ = {isa = PBXBuildFile; fileRef = 508E0A64168FC92800F237F4 /* Foundation.framework */; };
		5005DC6A18C14089002996DB /* UIKit.framework in Frameworks */ = {isa = PBXBuildFile; fileRef = 508E0A62168FC92800F237F4 /* UIKit.framework */; };
		504C35BC18C140ED0028EBCF /* Tests.m in Sources */ = {isa = PBXBuildFile; fileRef = 5004D52D18BAEA410055C9AF /* Tests.m */; };
		504C35BD18C1410B0028EBCF /* TestCreditCardNumbers.plist in Resources */ = {isa = PBXBuildFile; fileRef = 5004D53518BAEC310055C9AF /* TestCreditCardNumbers.plist */; };
		504C35BF18C141CF0028EBCF /* Images.xcassets in Resources */ = {isa = PBXBuildFile; fileRef = 504C35BE18C141CE0028EBCF /* Images.xcassets */; };
		504C35C418C141E40028EBCF /* AppDelegate.m in Sources */ = {isa = PBXBuildFile; fileRef = 504C35C118C141E40028EBCF /* AppDelegate.m */; };
		504C35C518C141E40028EBCF /* ViewController.m in Sources */ = {isa = PBXBuildFile; fileRef = 504C35C318C141E40028EBCF /* ViewController.m */; };
		504C35D118C141F50028EBCF /* Default-568h@2x.png in Resources */ = {isa = PBXBuildFile; fileRef = 504C35C618C141F50028EBCF /* Default-568h@2x.png */; };
		504C35D218C141F50028EBCF /* Default.png in Resources */ = {isa = PBXBuildFile; fileRef = 504C35C718C141F50028EBCF /* Default.png */; };
		504C35D318C141F50028EBCF /* Default@2x.png in Resources */ = {isa = PBXBuildFile; fileRef = 504C35C818C141F50028EBCF /* Default@2x.png */; };
		504C35D418C141F50028EBCF /* InfoPlist.strings in Resources */ = {isa = PBXBuildFile; fileRef = 504C35CA18C141F50028EBCF /* InfoPlist.strings */; };
		504C35D518C141F50028EBCF /* ViewController.xib in Resources */ = {isa = PBXBuildFile; fileRef = 504C35CC18C141F50028EBCF /* ViewController.xib */; };
		504C35D718C141F50028EBCF /* main.m in Sources */ = {isa = PBXBuildFile; fileRef = 504C35D018C141F50028EBCF /* main.m */; };
		508E0A63168FC92800F237F4 /* UIKit.framework in Frameworks */ = {isa = PBXBuildFile; fileRef = 508E0A62168FC92800F237F4 /* UIKit.framework */; };
		508E0A65168FC92800F237F4 /* Foundation.framework in Frameworks */ = {isa = PBXBuildFile; fileRef = 508E0A64168FC92800F237F4 /* Foundation.framework */; };
		508E0A67168FC92800F237F4 /* CoreGraphics.framework in Frameworks */ = {isa = PBXBuildFile; fileRef = 508E0A66168FC92800F237F4 /* CoreGraphics.framework */; };
/* End PBXBuildFile section */

/* Begin PBXContainerItemProxy section */
		5005DC7418C1408A002996DB /* PBXContainerItemProxy */ = {
			isa = PBXContainerItemProxy;
			containerPortal = 508E0A55168FC92800F237F4 /* Project object */;
			proxyType = 1;
			remoteGlobalIDString = 508E0A5D168FC92800F237F4;
			remoteInfo = "Example Project";
		};
/* End PBXContainerItemProxy section */

/* Begin PBXFileReference section */
		039C8844EDD641208751B55F /* Pods-Tests.xcconfig */ = {isa = PBXFileReference; includeInIndex = 1; lastKnownFileType = text.xcconfig; name = "Pods-Tests.xcconfig"; path = "Pods/Pods-Tests.xcconfig"; sourceTree = "<group>"; };
		1B4F1CEAE0BD4AD8833192F2 /* Pods.xcconfig */ = {isa = PBXFileReference; includeInIndex = 1; lastKnownFileType = text.xcconfig; name = Pods.xcconfig; path = Pods/Pods.xcconfig; sourceTree = "<group>"; };
		5004D52918BAEA410055C9AF /* Tests-Info.plist */ = {isa = PBXFileReference; lastKnownFileType = text.plist.xml; path = "Tests-Info.plist"; sourceTree = "<group>"; };
		5004D52B18BAEA410055C9AF /* en */ = {isa = PBXFileReference; lastKnownFileType = text.plist.strings; name = en; path = en.lproj/InfoPlist.strings; sourceTree = "<group>"; };
		5004D52D18BAEA410055C9AF /* Tests.m */ = {isa = PBXFileReference; lastKnownFileType = sourcecode.c.objc; path = Tests.m; sourceTree = "<group>"; };
		5004D52F18BAEA410055C9AF /* Tests-Prefix.pch */ = {isa = PBXFileReference; lastKnownFileType = sourcecode.c.h; path = "Tests-Prefix.pch"; sourceTree = "<group>"; };
		5004D53518BAEC310055C9AF /* TestCreditCardNumbers.plist */ = {isa = PBXFileReference; fileEncoding = 4; lastKnownFileType = text.plist.xml; path = TestCreditCardNumbers.plist; sourceTree = "<group>"; };
		5005DC6718C14089002996DB /* Tests.xctest */ = {isa = PBXFileReference; explicitFileType = wrapper.cfbundle; includeInIndex = 0; path = Tests.xctest; sourceTree = BUILT_PRODUCTS_DIR; };
		501C53AC18BADF2300FF07AA /* XCTest.framework */ = {isa = PBXFileReference; lastKnownFileType = wrapper.framework; name = XCTest.framework; path = Library/Frameworks/XCTest.framework; sourceTree = DEVELOPER_DIR; };
		504C35BE18C141CE0028EBCF /* Images.xcassets */ = {isa = PBXFileReference; lastKnownFileType = folder.assetcatalog; name = Images.xcassets; path = "Example Project/Images.xcassets"; sourceTree = "<group>"; };
		504C35C018C141E40028EBCF /* AppDelegate.h */ = {isa = PBXFileReference; fileEncoding = 4; lastKnownFileType = sourcecode.c.h; name = AppDelegate.h; path = "Example Project/AppDelegate.h"; sourceTree = SOURCE_ROOT; };
		504C35C118C141E40028EBCF /* AppDelegate.m */ = {isa = PBXFileReference; fileEncoding = 4; lastKnownFileType = sourcecode.c.objc; name = AppDelegate.m; path = "Example Project/AppDelegate.m"; sourceTree = SOURCE_ROOT; };
		504C35C218C141E40028EBCF /* ViewController.h */ = {isa = PBXFileReference; fileEncoding = 4; lastKnownFileType = sourcecode.c.h; name = ViewController.h; path = "Example Project/ViewController.h"; sourceTree = SOURCE_ROOT; };
		504C35C318C141E40028EBCF /* ViewController.m */ = {isa = PBXFileReference; fileEncoding = 4; lastKnownFileType = sourcecode.c.objc; name = ViewController.m; path = "Example Project/ViewController.m"; sourceTree = SOURCE_ROOT; };
		504C35C618C141F50028EBCF /* Default-568h@2x.png */ = {isa = PBXFileReference; lastKnownFileType = image.png; name = "Default-568h@2x.png"; path = "Example Project/Default-568h@2x.png"; sourceTree = SOURCE_ROOT; };
		504C35C718C141F50028EBCF /* Default.png */ = {isa = PBXFileReference; lastKnownFileType = image.png; name = Default.png; path = "Example Project/Default.png"; sourceTree = SOURCE_ROOT; };
		504C35C818C141F50028EBCF /* Default@2x.png */ = {isa = PBXFileReference; lastKnownFileType = image.png; name = "Default@2x.png"; path = "Example Project/Default@2x.png"; sourceTree = SOURCE_ROOT; };
		504C35CB18C141F50028EBCF /* en */ = {isa = PBXFileReference; lastKnownFileType = text.plist.strings; name = en; path = InfoPlist.strings; sourceTree = "<group>"; };
		504C35CD18C141F50028EBCF /* en */ = {isa = PBXFileReference; lastKnownFileType = file.xib; name = en; path = ViewController.xib; sourceTree = "<group>"; };
		504C35CE18C141F50028EBCF /* Example Project-Info.plist */ = {isa = PBXFileReference; fileEncoding = 4; lastKnownFileType = text.plist.xml; name = "Example Project-Info.plist"; path = "Example Project/Example Project-Info.plist"; sourceTree = SOURCE_ROOT; };
		504C35CF18C141F50028EBCF /* Example Project-Prefix.pch */ = {isa = PBXFileReference; fileEncoding = 4; lastKnownFileType = sourcecode.c.h; name = "Example Project-Prefix.pch"; path = "Example Project/Example Project-Prefix.pch"; sourceTree = SOURCE_ROOT; };
		504C35D018C141F50028EBCF /* main.m */ = {isa = PBXFileReference; fileEncoding = 4; lastKnownFileType = sourcecode.c.objc; name = main.m; path = "Example Project/main.m"; sourceTree = SOURCE_ROOT; };
		508E0A5E168FC92800F237F4 /* Example Project.app */ = {isa = PBXFileReference; explicitFileType = wrapper.application; includeInIndex = 0; path = "Example Project.app"; sourceTree = BUILT_PRODUCTS_DIR; };
		508E0A62168FC92800F237F4 /* UIKit.framework */ = {isa = PBXFileReference; lastKnownFileType = wrapper.framework; name = UIKit.framework; path = System/Library/Frameworks/UIKit.framework; sourceTree = SDKROOT; };
		508E0A64168FC92800F237F4 /* Foundation.framework */ = {isa = PBXFileReference; lastKnownFileType = wrapper.framework; name = Foundation.framework; path = System/Library/Frameworks/Foundation.framework; sourceTree = SDKROOT; };
		508E0A66168FC92800F237F4 /* CoreGraphics.framework */ = {isa = PBXFileReference; lastKnownFileType = wrapper.framework; name = CoreGraphics.framework; path = System/Library/Frameworks/CoreGraphics.framework; sourceTree = SDKROOT; };
		5EC0BEC42D204F6EB01B4168 /* libPods-Luhn Algorithm (Mod 10).a */ = {isa = PBXFileReference; explicitFileType = archive.ar; includeInIndex = 0; path = "libPods-Luhn Algorithm (Mod 10).a"; sourceTree = BUILT_PRODUCTS_DIR; };
		6B701533F71341348BE747BB /* Pods-Example Project.xcconfig */ = {isa = PBXFileReference; includeInIndex = 1; lastKnownFileType = text.xcconfig; name = "Pods-Example Project.xcconfig"; path = "Pods/Pods-Example Project.xcconfig"; sourceTree = "<group>"; };
		CE7EAF1955E6410AB3F0C0D1 /* libPods.a */ = {isa = PBXFileReference; explicitFileType = archive.ar; includeInIndex = 0; path = libPods.a; sourceTree = BUILT_PRODUCTS_DIR; };
		ED7D61ED784D495FA5F58B96 /* libPods-Tests.a */ = {isa = PBXFileReference; explicitFileType = archive.ar; includeInIndex = 0; path = "libPods-Tests.a"; sourceTree = BUILT_PRODUCTS_DIR; };
		F3CDE8E3ECCA452187EF95E3 /* libPods-Example Project.a */ = {isa = PBXFileReference; explicitFileType = archive.ar; includeInIndex = 0; path = "libPods-Example Project.a"; sourceTree = BUILT_PRODUCTS_DIR; };
/* End PBXFileReference section */

/* Begin PBXFrameworksBuildPhase section */
		5005DC6418C14089002996DB /* Frameworks */ = {
			isa = PBXFrameworksBuildPhase;
			buildActionMask = 2147483647;
			files = (
				5005DC6818C14089002996DB /* XCTest.framework in Frameworks */,
				5005DC6A18C14089002996DB /* UIKit.framework in Frameworks */,
				5005DC6918C14089002996DB /* Foundation.framework in Frameworks */,
				21850D17532F4A9CAB649B68 /* libPods-Tests.a in Frameworks */,
			);
			runOnlyForDeploymentPostprocessing = 0;
		};
		508E0A5B168FC92800F237F4 /* Frameworks */ = {
			isa = PBXFrameworksBuildPhase;
			buildActionMask = 2147483647;
			files = (
				508E0A63168FC92800F237F4 /* UIKit.framework in Frameworks */,
				508E0A65168FC92800F237F4 /* Foundation.framework in Frameworks */,
				508E0A67168FC92800F237F4 /* CoreGraphics.framework in Frameworks */,
				242B4DC6E65D4E9192E84FE6 /* libPods.a in Frameworks */,
			);
			runOnlyForDeploymentPostprocessing = 0;
		};
/* End PBXFrameworksBuildPhase section */

/* Begin PBXGroup section */
		5004D52718BAEA410055C9AF /* Tests */ = {
			isa = PBXGroup;
			children = (
				5004D52D18BAEA410055C9AF /* Tests.m */,
				5004D52818BAEA410055C9AF /* Supporting Files */,
			);
			path = Tests;
			sourceTree = "<group>";
		};
		5004D52818BAEA410055C9AF /* Supporting Files */ = {
			isa = PBXGroup;
			children = (
				5004D53518BAEC310055C9AF /* TestCreditCardNumbers.plist */,
				5004D52918BAEA410055C9AF /* Tests-Info.plist */,
				5004D52A18BAEA410055C9AF /* InfoPlist.strings */,
				5004D52F18BAEA410055C9AF /* Tests-Prefix.pch */,
			);
			name = "Supporting Files";
			sourceTree = "<group>";
		};
		504C35C918C141F50028EBCF /* en.lproj */ = {
			isa = PBXGroup;
			children = (
				504C35CA18C141F50028EBCF /* InfoPlist.strings */,
				504C35CC18C141F50028EBCF /* ViewController.xib */,
			);
			name = en.lproj;
			path = "Example Project/en.lproj";
			sourceTree = SOURCE_ROOT;
		};
		508E0A53168FC92800F237F4 = {
			isa = PBXGroup;
			children = (
				504C35BE18C141CE0028EBCF /* Images.xcassets */,
				508E0A68168FC92800F237F4 /* Example Project */,
				5004D52718BAEA410055C9AF /* Tests */,
				508E0A61168FC92800F237F4 /* Frameworks */,
				508E0A5F168FC92800F237F4 /* Products */,
				039C8844EDD641208751B55F /* Pods-Tests.xcconfig */,
				6B701533F71341348BE747BB /* Pods-Example Project.xcconfig */,
				1B4F1CEAE0BD4AD8833192F2 /* Pods.xcconfig */,
			);
			sourceTree = "<group>";
		};
		508E0A5F168FC92800F237F4 /* Products */ = {
			isa = PBXGroup;
			children = (
				508E0A5E168FC92800F237F4 /* Example Project.app */,
				5005DC6718C14089002996DB /* Tests.xctest */,
			);
			name = Products;
			sourceTree = "<group>";
		};
		508E0A61168FC92800F237F4 /* Frameworks */ = {
			isa = PBXGroup;
			children = (
				508E0A62168FC92800F237F4 /* UIKit.framework */,
				508E0A64168FC92800F237F4 /* Foundation.framework */,
				508E0A66168FC92800F237F4 /* CoreGraphics.framework */,
				501C53AC18BADF2300FF07AA /* XCTest.framework */,
				ED7D61ED784D495FA5F58B96 /* libPods-Tests.a */,
				5EC0BEC42D204F6EB01B4168 /* libPods-Luhn Algorithm (Mod 10).a */,
				F3CDE8E3ECCA452187EF95E3 /* libPods-Example Project.a */,
				CE7EAF1955E6410AB3F0C0D1 /* libPods.a */,
			);
			name = Frameworks;
			sourceTree = "<group>";
		};
		508E0A68168FC92800F237F4 /* Example Project */ = {
			isa = PBXGroup;
			children = (
				504C35C018C141E40028EBCF /* AppDelegate.h */,
				504C35C118C141E40028EBCF /* AppDelegate.m */,
				504C35C218C141E40028EBCF /* ViewController.h */,
				504C35C318C141E40028EBCF /* ViewController.m */,
				508E0A69168FC92800F237F4 /* Supporting Files */,
			);
			name = "Example Project";
			path = "Luhn Algorithm (Mod 10)";
			sourceTree = "<group>";
		};
		508E0A69168FC92800F237F4 /* Supporting Files */ = {
			isa = PBXGroup;
			children = (
				504C35C618C141F50028EBCF /* Default-568h@2x.png */,
				504C35C718C141F50028EBCF /* Default.png */,
				504C35C818C141F50028EBCF /* Default@2x.png */,
				504C35C918C141F50028EBCF /* en.lproj */,
				504C35CE18C141F50028EBCF /* Example Project-Info.plist */,
				504C35CF18C141F50028EBCF /* Example Project-Prefix.pch */,
				504C35D018C141F50028EBCF /* main.m */,
			);
			name = "Supporting Files";
			sourceTree = "<group>";
		};
/* End PBXGroup section */

/* Begin PBXNativeTarget section */
		5005DC6618C14089002996DB /* Tests */ = {
			isa = PBXNativeTarget;
			buildConfigurationList = 5005DC7618C1408A002996DB /* Build configuration list for PBXNativeTarget "Tests" */;
			buildPhases = (
				002F5807DAD04D3DB2BBC237 /* Check Pods Manifest.lock */,
				5005DC6318C14089002996DB /* Sources */,
				5005DC6418C14089002996DB /* Frameworks */,
				5005DC6518C14089002996DB /* Resources */,
				6D7D6CD70F304B4B9E97B25E /* Copy Pods Resources */,
			);
			buildRules = (
			);
			dependencies = (
				5005DC7518C1408A002996DB /* PBXTargetDependency */,
			);
			name = Tests;
			productName = Tests;
			productReference = 5005DC6718C14089002996DB /* Tests.xctest */;
			productType = "com.apple.product-type.bundle.unit-test";
		};
		508E0A5D168FC92800F237F4 /* Example Project */ = {
			isa = PBXNativeTarget;
			buildConfigurationList = 508E0A82168FC92800F237F4 /* Build configuration list for PBXNativeTarget "Example Project" */;
			buildPhases = (
				C49F25322CCD427AB4264BCE /* Check Pods Manifest.lock */,
				508E0A5A168FC92800F237F4 /* Sources */,
				508E0A5B168FC92800F237F4 /* Frameworks */,
				508E0A5C168FC92800F237F4 /* Resources */,
				6BA9916900864AB9ABF4225B /* Copy Pods Resources */,
			);
			buildRules = (
			);
			dependencies = (
			);
			name = "Example Project";
			productName = "Luhn Algorithm (Mod 10)";
			productReference = 508E0A5E168FC92800F237F4 /* Example Project.app */;
			productType = "com.apple.product-type.application";
		};
/* End PBXNativeTarget section */

/* Begin PBXProject section */
		508E0A55168FC92800F237F4 /* Project object */ = {
			isa = PBXProject;
			attributes = {
				LastUpgradeCheck = 0500;
				ORGANIZATIONNAME = "Max Kramer";
				TargetAttributes = {
					5005DC6618C14089002996DB = {
						TestTargetID = 508E0A5D168FC92800F237F4;
					};
				};
			};
			buildConfigurationList = 508E0A58168FC92800F237F4 /* Build configuration list for PBXProject "Example Project" */;
			compatibilityVersion = "Xcode 3.2";
			developmentRegion = English;
			hasScannedForEncodings = 0;
			knownRegions = (
				en,
			);
			mainGroup = 508E0A53168FC92800F237F4;
			productRefGroup = 508E0A5F168FC92800F237F4 /* Products */;
			projectDirPath = "";
			projectRoot = "";
			targets = (
				508E0A5D168FC92800F237F4 /* Example Project */,
				5005DC6618C14089002996DB /* Tests */,
			);
		};
/* End PBXProject section */

/* Begin PBXResourcesBuildPhase section */
		5005DC6518C14089002996DB /* Resources */ = {
			isa = PBXResourcesBuildPhase;
			buildActionMask = 2147483647;
			files = (
				504C35BD18C1410B0028EBCF /* TestCreditCardNumbers.plist in Resources */,
			);
			runOnlyForDeploymentPostprocessing = 0;
		};
		508E0A5C168FC92800F237F4 /* Resources */ = {
			isa = PBXResourcesBuildPhase;
			buildActionMask = 2147483647;
			files = (
				504C35D518C141F50028EBCF /* ViewController.xib in Resources */,
				504C35D318C141F50028EBCF /* Default@2x.png in Resources */,
				504C35BF18C141CF0028EBCF /* Images.xcassets in Resources */,
				504C35D218C141F50028EBCF /* Default.png in Resources */,
				504C35D418C141F50028EBCF /* InfoPlist.strings in Resources */,
				504C35D118C141F50028EBCF /* Default-568h@2x.png in Resources */,
			);
			runOnlyForDeploymentPostprocessing = 0;
		};
/* End PBXResourcesBuildPhase section */

/* Begin PBXShellScriptBuildPhase section */
		002F5807DAD04D3DB2BBC237 /* Check Pods Manifest.lock */ = {
			isa = PBXShellScriptBuildPhase;
			buildActionMask = 2147483647;
			files = (
			);
			inputPaths = (
			);
			name = "Check Pods Manifest.lock";
			outputPaths = (
			);
			runOnlyForDeploymentPostprocessing = 0;
			shellPath = /bin/sh;
			shellScript = "diff \"${PODS_ROOT}/../Podfile.lock\" \"${PODS_ROOT}/Manifest.lock\" > /dev/null\nif [[ $? != 0 ]] ; then\n    cat << EOM\nerror: The sandbox is not in sync with the Podfile.lock. Run 'pod install' or update your CocoaPods installation.\nEOM\n    exit 1\nfi\n";
			showEnvVarsInLog = 0;
		};
		6BA9916900864AB9ABF4225B /* Copy Pods Resources */ = {
			isa = PBXShellScriptBuildPhase;
			buildActionMask = 2147483647;
			files = (
			);
			inputPaths = (
			);
			name = "Copy Pods Resources";
			outputPaths = (
			);
			runOnlyForDeploymentPostprocessing = 0;
			shellPath = /bin/sh;
			shellScript = "\"${SRCROOT}/Pods/Pods-resources.sh\"\n";
			showEnvVarsInLog = 0;
		};
		6D7D6CD70F304B4B9E97B25E /* Copy Pods Resources */ = {
			isa = PBXShellScriptBuildPhase;
			buildActionMask = 2147483647;
			files = (
			);
			inputPaths = (
			);
			name = "Copy Pods Resources";
			outputPaths = (
			);
			runOnlyForDeploymentPostprocessing = 0;
			shellPath = /bin/sh;
			shellScript = "\"${SRCROOT}/Pods/Pods-Tests-resources.sh\"\n";
			showEnvVarsInLog = 0;
		};
		C49F25322CCD427AB4264BCE /* Check Pods Manifest.lock */ = {
			isa = PBXShellScriptBuildPhase;
			buildActionMask = 2147483647;
			files = (
			);
			inputPaths = (
			);
			name = "Check Pods Manifest.lock";
			outputPaths = (
			);
			runOnlyForDeploymentPostprocessing = 0;
			shellPath = /bin/sh;
			shellScript = "diff \"${PODS_ROOT}/../Podfile.lock\" \"${PODS_ROOT}/Manifest.lock\" > /dev/null\nif [[ $? != 0 ]] ; then\n    cat << EOM\nerror: The sandbox is not in sync with the Podfile.lock. Run 'pod install' or update your CocoaPods installation.\nEOM\n    exit 1\nfi\n";
			showEnvVarsInLog = 0;
		};
/* End PBXShellScriptBuildPhase section */

/* Begin PBXSourcesBuildPhase section */
		5005DC6318C14089002996DB /* Sources */ = {
			isa = PBXSourcesBuildPhase;
			buildActionMask = 2147483647;
			files = (
				504C35BC18C140ED0028EBCF /* Tests.m in Sources */,
			);
			runOnlyForDeploymentPostprocessing = 0;
		};
		508E0A5A168FC92800F237F4 /* Sources */ = {
			isa = PBXSourcesBuildPhase;
			buildActionMask = 2147483647;
			files = (
				504C35C518C141E40028EBCF /* ViewController.m in Sources */,
				504C35C418C141E40028EBCF /* AppDelegate.m in Sources */,
				504C35D718C141F50028EBCF /* main.m in Sources */,
			);
			runOnlyForDeploymentPostprocessing = 0;
		};
/* End PBXSourcesBuildPhase section */

/* Begin PBXTargetDependency section */
		5005DC7518C1408A002996DB /* PBXTargetDependency */ = {
			isa = PBXTargetDependency;
			target = 508E0A5D168FC92800F237F4 /* Example Project */;
			targetProxy = 5005DC7418C1408A002996DB /* PBXContainerItemProxy */;
		};
/* End PBXTargetDependency section */

/* Begin PBXVariantGroup section */
		5004D52A18BAEA410055C9AF /* InfoPlist.strings */ = {
			isa = PBXVariantGroup;
			children = (
				5004D52B18BAEA410055C9AF /* en */,
			);
			name = InfoPlist.strings;
			sourceTree = "<group>";
		};
		504C35CA18C141F50028EBCF /* InfoPlist.strings */ = {
			isa = PBXVariantGroup;
			children = (
				504C35CB18C141F50028EBCF /* en */,
			);
			name = InfoPlist.strings;
			sourceTree = "<group>";
		};
		504C35CC18C141F50028EBCF /* ViewController.xib */ = {
			isa = PBXVariantGroup;
			children = (
				504C35CD18C141F50028EBCF /* en */,
			);
			name = ViewController.xib;
			sourceTree = "<group>";
		};
/* End PBXVariantGroup section */

/* Begin XCBuildConfiguration section */
		5005DC7718C1408A002996DB /* Debug */ = {
			isa = XCBuildConfiguration;
			baseConfigurationReference = 039C8844EDD641208751B55F /* Pods-Tests.xcconfig */;
			buildSettings = {
				ARCHS = "$(ARCHS_STANDARD_INCLUDING_64_BIT)";
				BUNDLE_LOADER = "$(BUILT_PRODUCTS_DIR)/Example Project.app/Example Project";
				CLANG_ENABLE_MODULES = YES;
				CLANG_ENABLE_OBJC_ARC = YES;
				CLANG_WARN_BOOL_CONVERSION = YES;
				CLANG_WARN_CONSTANT_CONVERSION = YES;
				CLANG_WARN_DIRECT_OBJC_ISA_USAGE = YES_ERROR;
				CLANG_WARN_ENUM_CONVERSION = YES;
				CLANG_WARN_INT_CONVERSION = YES;
				CLANG_WARN_OBJC_ROOT_CLASS = YES_ERROR;
				FRAMEWORK_SEARCH_PATHS = (
					"$(SDKROOT)/Developer/Library/Frameworks",
					"$(inherited)",
					"$(DEVELOPER_FRAMEWORKS_DIR)",
				);
				GCC_PRECOMPILE_PREFIX_HEADER = YES;
				GCC_PREFIX_HEADER = "Tests/Tests-Prefix.pch";
				GCC_PREPROCESSOR_DEFINITIONS = (
					"DEBUG=1",
					"$(inherited)",
				);
				GCC_WARN_64_TO_32_BIT_CONVERSION = YES;
				GCC_WARN_ABOUT_RETURN_TYPE = YES_ERROR;
				GCC_WARN_UNDECLARED_SELECTOR = YES;
				GCC_WARN_UNUSED_FUNCTION = YES;
				INFOPLIST_FILE = "Tests/Tests-Info.plist";
				IPHONEOS_DEPLOYMENT_TARGET = 7.0;
				PRODUCT_NAME = "$(TARGET_NAME)";
				TEST_HOST = "$(BUNDLE_LOADER)";
				WRAPPER_EXTENSION = xctest;
			};
			name = Debug;
		};
		5005DC7818C1408A002996DB /* Release */ = {
			isa = XCBuildConfiguration;
			baseConfigurationReference = 039C8844EDD641208751B55F /* Pods-Tests.xcconfig */;
			buildSettings = {
				ARCHS = "$(ARCHS_STANDARD_INCLUDING_64_BIT)";
				BUNDLE_LOADER = "$(BUILT_PRODUCTS_DIR)/Example Project.app/Example Project";
				CLANG_ENABLE_MODULES = YES;
				CLANG_ENABLE_OBJC_ARC = YES;
				CLANG_WARN_BOOL_CONVERSION = YES;
				CLANG_WARN_CONSTANT_CONVERSION = YES;
				CLANG_WARN_DIRECT_OBJC_ISA_USAGE = YES_ERROR;
				CLANG_WARN_ENUM_CONVERSION = YES;
				CLANG_WARN_INT_CONVERSION = YES;
				CLANG_WARN_OBJC_ROOT_CLASS = YES_ERROR;
				ENABLE_NS_ASSERTIONS = NO;
				FRAMEWORK_SEARCH_PATHS = (
					"$(SDKROOT)/Developer/Library/Frameworks",
					"$(inherited)",
					"$(DEVELOPER_FRAMEWORKS_DIR)",
				);
				GCC_PRECOMPILE_PREFIX_HEADER = YES;
				GCC_PREFIX_HEADER = "Tests/Tests-Prefix.pch";
				GCC_WARN_64_TO_32_BIT_CONVERSION = YES;
				GCC_WARN_ABOUT_RETURN_TYPE = YES_ERROR;
				GCC_WARN_UNDECLARED_SELECTOR = YES;
				GCC_WARN_UNUSED_FUNCTION = YES;
				INFOPLIST_FILE = "Tests/Tests-Info.plist";
				IPHONEOS_DEPLOYMENT_TARGET = 7.0;
				PRODUCT_NAME = "$(TARGET_NAME)";
				TEST_HOST = "$(BUNDLE_LOADER)";
				WRAPPER_EXTENSION = xctest;
			};
			name = Release;
		};
		508E0A80168FC92800F237F4 /* Debug */ = {
			isa = XCBuildConfiguration;
			buildSettings = {
				ALWAYS_SEARCH_USER_PATHS = NO;
				CLANG_CXX_LANGUAGE_STANDARD = "gnu++0x";
				CLANG_CXX_LIBRARY = "libc++";
				CLANG_WARN_EMPTY_BODY = YES;
				CLANG_WARN__DUPLICATE_METHOD_MATCH = YES;
				"CODE_SIGN_IDENTITY[sdk=iphoneos*]" = "iPhone Developer";
				COPY_PHASE_STRIP = NO;
				GCC_C_LANGUAGE_STANDARD = gnu99;
				GCC_DYNAMIC_NO_PIC = NO;
				GCC_OPTIMIZATION_LEVEL = 0;
				GCC_PREPROCESSOR_DEFINITIONS = (
					"DEBUG=1",
					"$(inherited)",
				);
				GCC_SYMBOLS_PRIVATE_EXTERN = NO;
				GCC_WARN_ABOUT_RETURN_TYPE = YES;
				GCC_WARN_UNINITIALIZED_AUTOS = YES;
				GCC_WARN_UNUSED_VARIABLE = YES;
				IPHONEOS_DEPLOYMENT_TARGET = 6.0;
				ONLY_ACTIVE_ARCH = YES;
				SDKROOT = iphoneos;
			};
			name = Debug;
		};
		508E0A81168FC92800F237F4 /* Release */ = {
			isa = XCBuildConfiguration;
			buildSettings = {
				ALWAYS_SEARCH_USER_PATHS = NO;
				CLANG_CXX_LANGUAGE_STANDARD = "gnu++0x";
				CLANG_CXX_LIBRARY = "libc++";
				CLANG_WARN_EMPTY_BODY = YES;
				CLANG_WARN__DUPLICATE_METHOD_MATCH = YES;
				"CODE_SIGN_IDENTITY[sdk=iphoneos*]" = "iPhone Developer";
				COPY_PHASE_STRIP = YES;
				GCC_C_LANGUAGE_STANDARD = gnu99;
				GCC_WARN_ABOUT_RETURN_TYPE = YES;
				GCC_WARN_UNINITIALIZED_AUTOS = YES;
				GCC_WARN_UNUSED_VARIABLE = YES;
				IPHONEOS_DEPLOYMENT_TARGET = 6.0;
				OTHER_CFLAGS = "-DNS_BLOCK_ASSERTIONS=1";
				SDKROOT = iphoneos;
				VALIDATE_PRODUCT = YES;
			};
			name = Release;
		};
		508E0A83168FC92800F237F4 /* Debug */ = {
			isa = XCBuildConfiguration;
			baseConfigurationReference = 1B4F1CEAE0BD4AD8833192F2 /* Pods.xcconfig */;
			buildSettings = {
				ASSETCATALOG_COMPILER_APPICON_NAME = AppIcon;
				ASSETCATALOG_COMPILER_LAUNCHIMAGE_NAME = LaunchImage;
				CLANG_ENABLE_OBJC_ARC = YES;
				GCC_PRECOMPILE_PREFIX_HEADER = YES;
				GCC_PREFIX_HEADER = "Example Project/Example Project-Prefix.pch";
				INFOPLIST_FILE = "$(SRCROOT)/Example Project/Example Project-Info.plist";
				IPHONEOS_DEPLOYMENT_TARGET = 7.0;
				PRODUCT_NAME = "Example Project";
				WRAPPER_EXTENSION = app;
			};
			name = Debug;
		};
		508E0A84168FC92800F237F4 /* Release */ = {
			isa = XCBuildConfiguration;
			baseConfigurationReference = 1B4F1CEAE0BD4AD8833192F2 /* Pods.xcconfig */;
			buildSettings = {
				ASSETCATALOG_COMPILER_APPICON_NAME = AppIcon;
				ASSETCATALOG_COMPILER_LAUNCHIMAGE_NAME = LaunchImage;
				CLANG_ENABLE_OBJC_ARC = YES;
				GCC_PRECOMPILE_PREFIX_HEADER = YES;
				GCC_PREFIX_HEADER = "Example Project/Example Project-Prefix.pch";
				INFOPLIST_FILE = "$(SRCROOT)/Example Project/Example Project-Info.plist";
				IPHONEOS_DEPLOYMENT_TARGET = 7.0;
				PRODUCT_NAME = "Example Project";
				WRAPPER_EXTENSION = app;
			};
			name = Release;
		};
/* End XCBuildConfiguration section */

/* Begin XCConfigurationList section */
		5005DC7618C1408A002996DB /* Build configuration list for PBXNativeTarget "Tests" */ = {
			isa = XCConfigurationList;
			buildConfigurations = (
				5005DC7718C1408A002996DB /* Debug */,
				5005DC7818C1408A002996DB /* Release */,
			);
			defaultConfigurationIsVisible = 0;
			defaultConfigurationName = Release;
		};
		508E0A58168FC92800F237F4 /* Build configuration list for PBXProject "Example Project" */ = {
			isa = XCConfigurationList;
			buildConfigurations = (
				508E0A80168FC92800F237F4 /* Debug */,
				508E0A81168FC92800F237F4 /* Release */,
			);
			defaultConfigurationIsVisible = 0;
			defaultConfigurationName = Release;
		};
		508E0A82168FC92800F237F4 /* Build configuration list for PBXNativeTarget "Example Project" */ = {
			isa = XCConfigurationList;
			buildConfigurations = (
				508E0A83168FC92800F237F4 /* Debug */,
				508E0A84168FC92800F237F4 /* Release */,
			);
			defaultConfigurationIsVisible = 0;
			defaultConfigurationName = Release;
		};
/* End XCConfigurationList section */
	};
	rootObject = 508E0A55168FC92800F237F4 /* Project object */;
}
